// !$*UTF8*$!
{
	archiveVersion = 1;
	classes = {
	};
	objectVersion = 46;
	objects = {

/* Begin PBXBuildFile section */
		8D94A1F01DA2D041001EFAB8 /* AppDelegate.swift in Sources */ = {isa = PBXBuildFile; fileRef = 8D94A1EF1DA2D041001EFAB8 /* AppDelegate.swift */; };
		8D94A1F21DA2D041001EFAB8 /* ContactListController.swift in Sources */ = {isa = PBXBuildFile; fileRef = 8D94A1F11DA2D041001EFAB8 /* ContactListController.swift */; };
		8D94A1F51DA2D041001EFAB8 /* Main.storyboard in Resources */ = {isa = PBXBuildFile; fileRef = 8D94A1F31DA2D041001EFAB8 /* Main.storyboard */; };
		8D94A1F71DA2D041001EFAB8 /* Assets.xcassets in Resources */ = {isa = PBXBuildFile; fileRef = 8D94A1F61DA2D041001EFAB8 /* Assets.xcassets */; };
		8D94A1FA1DA2D041001EFAB8 /* LaunchScreen.storyboard in Resources */ = {isa = PBXBuildFile; fileRef = 8D94A1F81DA2D041001EFAB8 /* LaunchScreen.storyboard */; };
		8D94A2071DA2D15B001EFAB8 /* Contact.swift in Sources */ = {isa = PBXBuildFile; fileRef = 8D94A2061DA2D15B001EFAB8 /* Contact.swift */; };
		8D94A2091DA2D3C9001EFAB8 /* ContactListProvider.swift in Sources */ = {isa = PBXBuildFile; fileRef = 8D94A2081DA2D3C9001EFAB8 /* ContactListProvider.swift */; };
		8D94A20B1DA2F3B8001EFAB8 /* ContactTableViewController.swift in Sources */ = {isa = PBXBuildFile; fileRef = 8D94A20A1DA2F3B8001EFAB8 /* ContactTableViewController.swift */; };
		8D94A20D1DA2F648001EFAB8 /* ContactEntry.swift in Sources */ = {isa = PBXBuildFile; fileRef = 8D94A20C1DA2F648001EFAB8 /* ContactEntry.swift */; };
		8D94A20F1DA33186001EFAB8 /* ContactEntryTableViewCell.swift in Sources */ = {isa = PBXBuildFile; fileRef = 8D94A20E1DA33186001EFAB8 /* ContactEntryTableViewCell.swift */; };
		8D94A2111DA34791001EFAB8 /* ContactProfileCell.swift in Sources */ = {isa = PBXBuildFile; fileRef = 8D94A2101DA34791001EFAB8 /* ContactProfileCell.swift */; };
		8D94A2131DA3D0DE001EFAB8 /* ContactImageProvider.swift in Sources */ = {isa = PBXBuildFile; fileRef = 8D94A2121DA3D0DE001EFAB8 /* ContactImageProvider.swift */; };
/* End PBXBuildFile section */

/* Begin PBXFileReference section */
		8D94A1EC1DA2D041001EFAB8 /* CompanyDirectory.app */ = {isa = PBXFileReference; explicitFileType = wrapper.application; includeInIndex = 0; path = CompanyDirectory.app; sourceTree = BUILT_PRODUCTS_DIR; };
		8D94A1EF1DA2D041001EFAB8 /* AppDelegate.swift */ = {isa = PBXFileReference; lastKnownFileType = sourcecode.swift; path = AppDelegate.swift; sourceTree = "<group>"; };
		8D94A1F11DA2D041001EFAB8 /* ContactListController.swift */ = {isa = PBXFileReference; lastKnownFileType = sourcecode.swift; path = ContactListController.swift; sourceTree = "<group>"; };
		8D94A1F41DA2D041001EFAB8 /* Base */ = {isa = PBXFileReference; lastKnownFileType = file.storyboard; name = Base; path = Base.lproj/Main.storyboard; sourceTree = "<group>"; };
		8D94A1F61DA2D041001EFAB8 /* Assets.xcassets */ = {isa = PBXFileReference; lastKnownFileType = folder.assetcatalog; path = Assets.xcassets; sourceTree = "<group>"; };
		8D94A1F91DA2D041001EFAB8 /* Base */ = {isa = PBXFileReference; lastKnownFileType = file.storyboard; name = Base; path = Base.lproj/LaunchScreen.storyboard; sourceTree = "<group>"; };
		8D94A1FB1DA2D041001EFAB8 /* Info.plist */ = {isa = PBXFileReference; lastKnownFileType = text.plist.xml; path = Info.plist; sourceTree = "<group>"; };
		8D94A2061DA2D15B001EFAB8 /* Contact.swift */ = {isa = PBXFileReference; fileEncoding = 4; lastKnownFileType = sourcecode.swift; path = Contact.swift; sourceTree = "<group>"; };
		8D94A2081DA2D3C9001EFAB8 /* ContactListProvider.swift */ = {isa = PBXFileReference; fileEncoding = 4; lastKnownFileType = sourcecode.swift; path = ContactListProvider.swift; sourceTree = "<group>"; };
		8D94A20A1DA2F3B8001EFAB8 /* ContactTableViewController.swift */ = {isa = PBXFileReference; fileEncoding = 4; lastKnownFileType = sourcecode.swift; path = ContactTableViewController.swift; sourceTree = "<group>"; };
		8D94A20C1DA2F648001EFAB8 /* ContactEntry.swift */ = {isa = PBXFileReference; fileEncoding = 4; lastKnownFileType = sourcecode.swift; path = ContactEntry.swift; sourceTree = "<group>"; };
		8D94A20E1DA33186001EFAB8 /* ContactEntryTableViewCell.swift */ = {isa = PBXFileReference; fileEncoding = 4; lastKnownFileType = sourcecode.swift; path = ContactEntryTableViewCell.swift; sourceTree = "<group>"; };
		8D94A2101DA34791001EFAB8 /* ContactProfileCell.swift */ = {isa = PBXFileReference; fileEncoding = 4; lastKnownFileType = sourcecode.swift; path = ContactProfileCell.swift; sourceTree = "<group>"; };
		8D94A2121DA3D0DE001EFAB8 /* ContactImageProvider.swift */ = {isa = PBXFileReference; fileEncoding = 4; lastKnownFileType = sourcecode.swift; path = ContactImageProvider.swift; sourceTree = "<group>"; };
/* End PBXFileReference section */

/* Begin PBXFrameworksBuildPhase section */
		8D94A1E91DA2D040001EFAB8 /* Frameworks */ = {
			isa = PBXFrameworksBuildPhase;
			buildActionMask = 2147483647;
			files = (
			);
			runOnlyForDeploymentPostprocessing = 0;
		};
/* End PBXFrameworksBuildPhase section */

/* Begin PBXGroup section */
		8D94A1E31DA2D040001EFAB8 = {
			isa = PBXGroup;
			children = (
				8D94A1EE1DA2D041001EFAB8 /* CompanyDirectory */,
				8D94A1ED1DA2D041001EFAB8 /* Products */,
			);
			sourceTree = "<group>";
		};
		8D94A1ED1DA2D041001EFAB8 /* Products */ = {
			isa = PBXGroup;
			children = (
				8D94A1EC1DA2D041001EFAB8 /* CompanyDirectory.app */,
			);
			name = Products;
			sourceTree = "<group>";
		};
		8D94A1EE1DA2D041001EFAB8 /* CompanyDirectory */ = {
			isa = PBXGroup;
			children = (
				8D94A2011DA2D083001EFAB8 /* Models */,
				8D94A2031DA2D0AA001EFAB8 /* Views */,
				8D94A2041DA2D0B2001EFAB8 /* Controllers */,
				8D94A2051DA2D0C2001EFAB8 /* Providers */,
				8D94A1EF1DA2D041001EFAB8 /* AppDelegate.swift */,
				8D94A1F61DA2D041001EFAB8 /* Assets.xcassets */,
				8D94A1F81DA2D041001EFAB8 /* LaunchScreen.storyboard */,
				8D94A1FB1DA2D041001EFAB8 /* Info.plist */,
			);
			path = CompanyDirectory;
			sourceTree = "<group>";
		};
		8D94A2011DA2D083001EFAB8 /* Models */ = {
			isa = PBXGroup;
			children = (
				8D94A2061DA2D15B001EFAB8 /* Contact.swift */,
				8D94A20C1DA2F648001EFAB8 /* ContactEntry.swift */,
			);
			name = Models;
			sourceTree = "<group>";
		};
		8D94A2031DA2D0AA001EFAB8 /* Views */ = {
			isa = PBXGroup;
			children = (
				8D94A1F31DA2D041001EFAB8 /* Main.storyboard */,
				8D94A20E1DA33186001EFAB8 /* ContactEntryTableViewCell.swift */,
				8D94A2101DA34791001EFAB8 /* ContactProfileCell.swift */,
			);
			name = Views;
			sourceTree = "<group>";
		};
		8D94A2041DA2D0B2001EFAB8 /* Controllers */ = {
			isa = PBXGroup;
			children = (
				8D94A1F11DA2D041001EFAB8 /* ContactListController.swift */,
				8D94A20A1DA2F3B8001EFAB8 /* ContactTableViewController.swift */,
			);
			name = Controllers;
			sourceTree = "<group>";
		};
		8D94A2051DA2D0C2001EFAB8 /* Providers */ = {
			isa = PBXGroup;
			children = (
				8D94A2081DA2D3C9001EFAB8 /* ContactListProvider.swift */,
				8D94A2121DA3D0DE001EFAB8 /* ContactImageProvider.swift */,
			);
			name = Providers;
			sourceTree = "<group>";
		};
/* End PBXGroup section */

/* Begin PBXNativeTarget section */
		8D94A1EB1DA2D040001EFAB8 /* CompanyDirectory */ = {
			isa = PBXNativeTarget;
			buildConfigurationList = 8D94A1FE1DA2D041001EFAB8 /* Build configuration list for PBXNativeTarget "CompanyDirectory" */;
			buildPhases = (
				8D94A1E81DA2D040001EFAB8 /* Sources */,
				8D94A1E91DA2D040001EFAB8 /* Frameworks */,
				8D94A1EA1DA2D040001EFAB8 /* Resources */,
			);
			buildRules = (
			);
			dependencies = (
			);
			name = CompanyDirectory;
			productName = ConfideCompanyDirectory;
			productReference = 8D94A1EC1DA2D041001EFAB8 /* CompanyDirectory.app */;
			productType = "com.apple.product-type.application";
		};
/* End PBXNativeTarget section */

/* Begin PBXProject section */
		8D94A1E41DA2D040001EFAB8 /* Project object */ = {
			isa = PBXProject;
			attributes = {
				LastSwiftUpdateCheck = 0800;
				LastUpgradeCheck = 0800;
				ORGANIZATIONNAME = Shared;
				TargetAttributes = {
					8D94A1EB1DA2D040001EFAB8 = {
						CreatedOnToolsVersion = 8.0;
						DevelopmentTeam = RVXSND5B7B;
						ProvisioningStyle = Automatic;
					};
				};
			};
			buildConfigurationList = 8D94A1E71DA2D040001EFAB8 /* Build configuration list for PBXProject "CompanyDirectory" */;
			compatibilityVersion = "Xcode 3.2";
			developmentRegion = English;
			hasScannedForEncodings = 0;
			knownRegions = (
				en,
				Base,
			);
			mainGroup = 8D94A1E31DA2D040001EFAB8;
			productRefGroup = 8D94A1ED1DA2D041001EFAB8 /* Products */;
			projectDirPath = "";
			projectRoot = "";
			targets = (
				8D94A1EB1DA2D040001EFAB8 /* CompanyDirectory */,
			);
		};
/* End PBXProject section */

/* Begin PBXResourcesBuildPhase section */
		8D94A1EA1DA2D040001EFAB8 /* Resources */ = {
			isa = PBXResourcesBuildPhase;
			buildActionMask = 2147483647;
			files = (
				8D94A1FA1DA2D041001EFAB8 /* LaunchScreen.storyboard in Resources */,
				8D94A1F71DA2D041001EFAB8 /* Assets.xcassets in Resources */,
				8D94A1F51DA2D041001EFAB8 /* Main.storyboard in Resources */,
			);
			runOnlyForDeploymentPostprocessing = 0;
		};
/* End PBXResourcesBuildPhase section */

/* Begin PBXSourcesBuildPhase section */
		8D94A1E81DA2D040001EFAB8 /* Sources */ = {
			isa = PBXSourcesBuildPhase;
			buildActionMask = 2147483647;
			files = (
				8D94A2111DA34791001EFAB8 /* ContactProfileCell.swift in Sources */,
				8D94A2071DA2D15B001EFAB8 /* Contact.swift in Sources */,
				8D94A1F21DA2D041001EFAB8 /* ContactListController.swift in Sources */,
				8D94A20B1DA2F3B8001EFAB8 /* ContactTableViewController.swift in Sources */,
				8D94A1F01DA2D041001EFAB8 /* AppDelegate.swift in Sources */,
				8D94A2131DA3D0DE001EFAB8 /* ContactImageProvider.swift in Sources */,
				8D94A2091DA2D3C9001EFAB8 /* ContactListProvider.swift in Sources */,
				8D94A20D1DA2F648001EFAB8 /* ContactEntry.swift in Sources */,
				8D94A20F1DA33186001EFAB8 /* ContactEntryTableViewCell.swift in Sources */,
			);
			runOnlyForDeploymentPostprocessing = 0;
		};
/* End PBXSourcesBuildPhase section */

/* Begin PBXVariantGroup section */
		8D94A1F31DA2D041001EFAB8 /* Main.storyboard */ = {
			isa = PBXVariantGroup;
			children = (
				8D94A1F41DA2D041001EFAB8 /* Base */,
			);
			name = Main.storyboard;
			sourceTree = "<group>";
		};
		8D94A1F81DA2D041001EFAB8 /* LaunchScreen.storyboard */ = {
			isa = PBXVariantGroup;
			children = (
				8D94A1F91DA2D041001EFAB8 /* Base */,
			);
			name = LaunchScreen.storyboard;
			sourceTree = "<group>";
		};
/* End PBXVariantGroup section */

/* Begin XCBuildConfiguration section */
		8D94A1FC1DA2D041001EFAB8 /* Debug */ = {
			isa = XCBuildConfiguration;
			buildSettings = {
				ALWAYS_SEARCH_USER_PATHS = NO;
				CLANG_ANALYZER_NONNULL = YES;
				CLANG_CXX_LANGUAGE_STANDARD = "gnu++0x";
				CLANG_CXX_LIBRARY = "libc++";
				CLANG_ENABLE_MODULES = YES;
				CLANG_ENABLE_OBJC_ARC = YES;
				CLANG_WARN_BOOL_CONVERSION = YES;
				CLANG_WARN_CONSTANT_CONVERSION = YES;
				CLANG_WARN_DIRECT_OBJC_ISA_USAGE = YES_ERROR;
				CLANG_WARN_DOCUMENTATION_COMMENTS = YES;
				CLANG_WARN_EMPTY_BODY = YES;
				CLANG_WARN_ENUM_CONVERSION = YES;
				CLANG_WARN_INFINITE_RECURSION = YES;
				CLANG_WARN_INT_CONVERSION = YES;
				CLANG_WARN_OBJC_ROOT_CLASS = YES_ERROR;
				CLANG_WARN_SUSPICIOUS_MOVES = YES;
				CLANG_WARN_UNREACHABLE_CODE = YES;
				CLANG_WARN__DUPLICATE_METHOD_MATCH = YES;
				"CODE_SIGN_IDENTITY[sdk=iphoneos*]" = "iPhone Developer";
				COPY_PHASE_STRIP = NO;
				DEBUG_INFORMATION_FORMAT = dwarf;
				ENABLE_STRICT_OBJC_MSGSEND = YES;
				ENABLE_TESTABILITY = YES;
				GCC_C_LANGUAGE_STANDARD = gnu99;
				GCC_DYNAMIC_NO_PIC = NO;
				GCC_NO_COMMON_BLOCKS = YES;
				GCC_OPTIMIZATION_LEVEL = 0;
				GCC_PREPROCESSOR_DEFINITIONS = (
					"DEBUG=1",
					"$(inherited)",
				);
				GCC_WARN_64_TO_32_BIT_CONVERSION = YES;
				GCC_WARN_ABOUT_RETURN_TYPE = YES_ERROR;
				GCC_WARN_UNDECLARED_SELECTOR = YES;
				GCC_WARN_UNINITIALIZED_AUTOS = YES_AGGRESSIVE;
				GCC_WARN_UNUSED_FUNCTION = YES;
				GCC_WARN_UNUSED_VARIABLE = YES;
				IPHONEOS_DEPLOYMENT_TARGET = 10.0;
				MTL_ENABLE_DEBUG_INFO = YES;
				ONLY_ACTIVE_ARCH = YES;
				SDKROOT = iphoneos;
				SWIFT_ACTIVE_COMPILATION_CONDITIONS = DEBUG;
				SWIFT_OPTIMIZATION_LEVEL = "-Onone";
				TARGETED_DEVICE_FAMILY = "1,2";
			};
			name = Debug;
		};
		8D94A1FD1DA2D041001EFAB8 /* Release */ = {
			isa = XCBuildConfiguration;
			buildSettings = {
				ALWAYS_SEARCH_USER_PATHS = NO;
				CLANG_ANALYZER_NONNULL = YES;
				CLANG_CXX_LANGUAGE_STANDARD = "gnu++0x";
				CLANG_CXX_LIBRARY = "libc++";
				CLANG_ENABLE_MODULES = YES;
				CLANG_ENABLE_OBJC_ARC = YES;
				CLANG_WARN_BOOL_CONVERSION = YES;
				CLANG_WARN_CONSTANT_CONVERSION = YES;
				CLANG_WARN_DIRECT_OBJC_ISA_USAGE = YES_ERROR;
				CLANG_WARN_DOCUMENTATION_COMMENTS = YES;
				CLANG_WARN_EMPTY_BODY = YES;
				CLANG_WARN_ENUM_CONVERSION = YES;
				CLANG_WARN_INFINITE_RECURSION = YES;
				CLANG_WARN_INT_CONVERSION = YES;
				CLANG_WARN_OBJC_ROOT_CLASS = YES_ERROR;
				CLANG_WARN_SUSPICIOUS_MOVES = YES;
				CLANG_WARN_UNREACHABLE_CODE = YES;
				CLANG_WARN__DUPLICATE_METHOD_MATCH = YES;
				"CODE_SIGN_IDENTITY[sdk=iphoneos*]" = "iPhone Developer";
				COPY_PHASE_STRIP = NO;
				DEBUG_INFORMATION_FORMAT = "dwarf-with-dsym";
				ENABLE_NS_ASSERTIONS = NO;
				ENABLE_STRICT_OBJC_MSGSEND = YES;
				GCC_C_LANGUAGE_STANDARD = gnu99;
				GCC_NO_COMMON_BLOCKS = YES;
				GCC_WARN_64_TO_32_BIT_CONVERSION = YES;
				GCC_WARN_ABOUT_RETURN_TYPE = YES_ERROR;
				GCC_WARN_UNDECLARED_SELECTOR = YES;
				GCC_WARN_UNINITIALIZED_AUTOS = YES_AGGRESSIVE;
				GCC_WARN_UNUSED_FUNCTION = YES;
				GCC_WARN_UNUSED_VARIABLE = YES;
				IPHONEOS_DEPLOYMENT_TARGET = 10.0;
				MTL_ENABLE_DEBUG_INFO = NO;
				SDKROOT = iphoneos;
				SWIFT_OPTIMIZATION_LEVEL = "-Owholemodule";
				TARGETED_DEVICE_FAMILY = "1,2";
				VALIDATE_PRODUCT = YES;
			};
			name = Release;
		};
		8D94A1FF1DA2D041001EFAB8 /* Debug */ = {
			isa = XCBuildConfiguration;
			buildSettings = {
				ASSETCATALOG_COMPILER_APPICON_NAME = AppIcon;
				DEVELOPMENT_TEAM = RVXSND5B7B;
				INFOPLIST_FILE = CompanyDirectory/Info.plist;
				LD_RUNPATH_SEARCH_PATHS = "$(inherited) @executable_path/Frameworks";
				PRODUCT_BUNDLE_IDENTIFIER = com.shared.CompanyDirectory;
				PRODUCT_NAME = "$(TARGET_NAME)";
				SWIFT_VERSION = 3.0;
			};
			name = Debug;
		};
		8D94A2001DA2D041001EFAB8 /* Release */ = {
			isa = XCBuildConfiguration;
			buildSettings = {
				ASSETCATALOG_COMPILER_APPICON_NAME = AppIcon;
				DEVELOPMENT_TEAM = RVXSND5B7B;
				INFOPLIST_FILE = CompanyDirectory/Info.plist;
				LD_RUNPATH_SEARCH_PATHS = "$(inherited) @executable_path/Frameworks";
				PRODUCT_BUNDLE_IDENTIFIER = com.shared.CompanyDirectory;
				PRODUCT_NAME = "$(TARGET_NAME)";
				SWIFT_VERSION = 3.0;
			};
			name = Release;
		};
/* End XCBuildConfiguration section */

/* Begin XCConfigurationList section */
		8D94A1E71DA2D040001EFAB8 /* Build configuration list for PBXProject "CompanyDirectory" */ = {
			isa = XCConfigurationList;
			buildConfigurations = (
				8D94A1FC1DA2D041001EFAB8 /* Debug */,
				8D94A1FD1DA2D041001EFAB8 /* Release */,
			);
			defaultConfigurationIsVisible = 0;
			defaultConfigurationName = Release;
		};
		8D94A1FE1DA2D041001EFAB8 /* Build configuration list for PBXNativeTarget "CompanyDirectory" */ = {
			isa = XCConfigurationList;
			buildConfigurations = (
				8D94A1FF1DA2D041001EFAB8 /* Debug */,
				8D94A2001DA2D041001EFAB8 /* Release */,
			);
			defaultConfigurationIsVisible = 0;
			defaultConfigurationName = Release;
		};
/* End XCConfigurationList section */
	};
	rootObject = 8D94A1E41DA2D040001EFAB8 /* Project object */;
}
